
Microsoft Visual Studio Solution File, Format Version 12.00
# Visual Studio Version 16
VisualStudioVersion = 16.0.32002.261
MinimumVisualStudioVersion = 10.0.40219.1
Project("{FAE04EC0-301F-11D3-BF4B-00C04F79EFBC}") = "LangtonAnt-WinForms", "LangtonAnt-WinForms\LangtonAnt-WinForms.csproj", "{CE98C990-C5A1-4BCC-BB79-F611F26A8230}"
EndProject
Global
	GlobalSection(SolutionConfigurationPlatforms) = preSolution
		Debug|Any CPU = Debug|Any CPU
		Release|Any CPU = Release|Any CPU
	EndGlobalSection
	GlobalSection(ProjectConfigurationPlatforms) = postSolution
		{CE98C990-C5A1-4BCC-BB79-F611F26A8230}.Debug|Any CPU.ActiveCfg = Debug|Any CPU
		{CE98C990-C5A1-4BCC-BB79-F611F26A8230}.Debug|Any CPU.Build.0 = Debug|Any CPU
		{CE98C990-C5A1-4BCC-BB79-F611F26A8230}.Release|Any CPU.ActiveCfg = Release|Any CPU
		{CE98C990-C5A1-4BCC-BB79-F611F26A8230}.Release|Any CPU.Build.0 = Release|Any CPU
	EndGlobalSection
	GlobalSection(SolutionProperties) = preSolution
		HideSolutionNode = FALSE
	EndGlobalSection
	GlobalSection(ExtensibilityGlobals) = postSolution
		SolutionGuid = {EDD576E0-D0AE-4880-8CA5-6E02CF5EC87E}
	EndGlobalSection
EndGlobal
