
Microsoft Visual Studio Solution File, Format Version 12.00
# Visual Studio Version 16
VisualStudioVersion = 16.0.32002.261
MinimumVisualStudioVersion = 10.0.40219.1
Project("{9A19103F-16F7-4668-BE54-9A1E7A4F7556}") = "LangtonAnt-WinForms", "LangtonAnt-WinForms\LangtonAnt-WinForms.csproj", "{CE98C990-C5A1-4BCC-BB79-F611F26A8230}"
EndProject
Project("{2150E333-8FDC-42A3-9474-1A3956D46DE8}") = "Solution Items", "Solution Items", "{0D9A6D2F-EFCB-4899-A357-33A2851824B7}"
	ProjectSection(SolutionItems) = preProject
		README.md = README.md
	EndProjectSection
EndProject
Global
	GlobalSection(SolutionConfigurationPlatforms) = preSolution
		Debug|Any CPU = Debug|Any CPU
		Release|Any CPU = Release|Any CPU
	EndGlobalSection
	GlobalSection(ProjectConfigurationPlatforms) = postSolution
		{CE98C990-C5A1-4BCC-BB79-F611F26A8230}.Debug|Any CPU.ActiveCfg = Debug|Any CPU
		{CE98C990-C5A1-4BCC-BB79-F611F26A8230}.Debug|Any CPU.Build.0 = Debug|Any CPU
		{CE98C990-C5A1-4BCC-BB79-F611F26A8230}.Release|Any CPU.ActiveCfg = Release|Any CPU
		{CE98C990-C5A1-4BCC-BB79-F611F26A8230}.Release|Any CPU.Build.0 = Release|Any CPU
	EndGlobalSection
	GlobalSection(SolutionProperties) = preSolution
		HideSolutionNode = FALSE
	EndGlobalSection
	GlobalSection(ExtensibilityGlobals) = postSolution
		SolutionGuid = {EDD576E0-D0AE-4880-8CA5-6E02CF5EC87E}
	EndGlobalSection
EndGlobal
